// !$*UTF8*$!
{
	archiveVersion = 1;
	classes = {
	};
	objectVersion = 46;
	objects = {

/* Begin PBXBuildFile section */
		D7713C001F6F7509002B0A84 /* AppDelegate.swift in Sources */ = {isa = PBXBuildFile; fileRef = D7713BFF1F6F7509002B0A84 /* AppDelegate.swift */; };
		D7713C021F6F7509002B0A84 /* ViewController.swift in Sources */ = {isa = PBXBuildFile; fileRef = D7713C011F6F7509002B0A84 /* ViewController.swift */; };
		D7713C051F6F7509002B0A84 /* Main.storyboard in Resources */ = {isa = PBXBuildFile; fileRef = D7713C031F6F7509002B0A84 /* Main.storyboard */; };
		D7713C071F6F7509002B0A84 /* Assets.xcassets in Resources */ = {isa = PBXBuildFile; fileRef = D7713C061F6F7509002B0A84 /* Assets.xcassets */; };
		D7713C0A1F6F7509002B0A84 /* LaunchScreen.storyboard in Resources */ = {isa = PBXBuildFile; fileRef = D7713C081F6F7509002B0A84 /* LaunchScreen.storyboard */; };
/* End PBXBuildFile section */

/* Begin PBXFileReference section */
		D7713BFC1F6F7509002B0A84 /* whitworthfm.app */ = {isa = PBXFileReference; explicitFileType = wrapper.application; includeInIndex = 0; path = whitworthfm.app; sourceTree = BUILT_PRODUCTS_DIR; };
		D7713BFF1F6F7509002B0A84 /* AppDelegate.swift */ = {isa = PBXFileReference; lastKnownFileType = sourcecode.swift; path = AppDelegate.swift; sourceTree = "<group>"; };
		D7713C011F6F7509002B0A84 /* ViewController.swift */ = {isa = PBXFileReference; lastKnownFileType = sourcecode.swift; path = ViewController.swift; sourceTree = "<group>"; };
		D7713C041F6F7509002B0A84 /* Base */ = {isa = PBXFileReference; lastKnownFileType = file.storyboard; name = Base; path = Base.lproj/Main.storyboard; sourceTree = "<group>"; };
		D7713C061F6F7509002B0A84 /* Assets.xcassets */ = {isa = PBXFileReference; lastKnownFileType = folder.assetcatalog; path = Assets.xcassets; sourceTree = "<group>"; };
		D7713C091F6F7509002B0A84 /* Base */ = {isa = PBXFileReference; lastKnownFileType = file.storyboard; name = Base; path = Base.lproj/LaunchScreen.storyboard; sourceTree = "<group>"; };
		D7713C0B1F6F7509002B0A84 /* Info.plist */ = {isa = PBXFileReference; lastKnownFileType = text.plist.xml; path = Info.plist; sourceTree = "<group>"; };
/* End PBXFileReference section */

/* Begin PBXFrameworksBuildPhase section */
		D7713BF91F6F7509002B0A84 /* Frameworks */ = {
			isa = PBXFrameworksBuildPhase;
			buildActionMask = 2147483647;
			files = (
			);
			runOnlyForDeploymentPostprocessing = 0;
		};
/* End PBXFrameworksBuildPhase section */

/* Begin PBXGroup section */
		D7713BF31F6F7509002B0A84 = {
			isa = PBXGroup;
			children = (
				D7713BFE1F6F7509002B0A84 /* whitworthfm */,
				D7713BFD1F6F7509002B0A84 /* Products */,
			);
			sourceTree = "<group>";
		};
		D7713BFD1F6F7509002B0A84 /* Products */ = {
			isa = PBXGroup;
			children = (
				D7713BFC1F6F7509002B0A84 /* whitworthfm.app */,
			);
			name = Products;
			sourceTree = "<group>";
		};
		D7713BFE1F6F7509002B0A84 /* whitworthfm */ = {
			isa = PBXGroup;
			children = (
				D7713BFF1F6F7509002B0A84 /* AppDelegate.swift */,
				D7713C011F6F7509002B0A84 /* ViewController.swift */,
				D7713C031F6F7509002B0A84 /* Main.storyboard */,
				D7713C061F6F7509002B0A84 /* Assets.xcassets */,
				D7713C081F6F7509002B0A84 /* LaunchScreen.storyboard */,
				D7713C0B1F6F7509002B0A84 /* Info.plist */,
			);
			path = whitworthfm;
			sourceTree = "<group>";
		};
/* End PBXGroup section */

/* Begin PBXNativeTarget section */
		D7713BFB1F6F7509002B0A84 /* whitworthfm */ = {
			isa = PBXNativeTarget;
			buildConfigurationList = D7713C0E1F6F7509002B0A84 /* Build configuration list for PBXNativeTarget "whitworthfm" */;
			buildPhases = (
				D7713BF81F6F7509002B0A84 /* Sources */,
				D7713BF91F6F7509002B0A84 /* Frameworks */,
				D7713BFA1F6F7509002B0A84 /* Resources */,
			);
			buildRules = (
			);
			dependencies = (
			);
			name = whitworthfm;
			productName = whitworthfm;
			productReference = D7713BFC1F6F7509002B0A84 /* whitworthfm.app */;
			productType = "com.apple.product-type.application";
		};
/* End PBXNativeTarget section */

/* Begin PBXProject section */
		D7713BF41F6F7509002B0A84 /* Project object */ = {
			isa = PBXProject;
			attributes = {
				LastSwiftUpdateCheck = 0830;
				LastUpgradeCheck = 0830;
				ORGANIZATIONNAME = "Whitworth ASWU";
				TargetAttributes = {
					D7713BFB1F6F7509002B0A84 = {
						CreatedOnToolsVersion = 8.3.2;
						DevelopmentTeam = W3Z2H2M88U;
						ProvisioningStyle = Automatic;
					};
				};
			};
			buildConfigurationList = D7713BF71F6F7509002B0A84 /* Build configuration list for PBXProject "whitworthfm" */;
			compatibilityVersion = "Xcode 3.2";
			developmentRegion = English;
			hasScannedForEncodings = 0;
			knownRegions = (
				en,
				Base,
			);
			mainGroup = D7713BF31F6F7509002B0A84;
			productRefGroup = D7713BFD1F6F7509002B0A84 /* Products */;
			projectDirPath = "";
			projectRoot = "";
			targets = (
				D7713BFB1F6F7509002B0A84 /* whitworthfm */,
			);
		};
/* End PBXProject section */

/* Begin PBXResourcesBuildPhase section */
		D7713BFA1F6F7509002B0A84 /* Resources */ = {
			isa = PBXResourcesBuildPhase;
			buildActionMask = 2147483647;
			files = (
				D7713C0A1F6F7509002B0A84 /* LaunchScreen.storyboard in Resources */,
				D7713C071F6F7509002B0A84 /* Assets.xcassets in Resources */,
				D7713C051F6F7509002B0A84 /* Main.storyboard in Resources */,
			);
			runOnlyForDeploymentPostprocessing = 0;
		};
/* End PBXResourcesBuildPhase section */

/* Begin PBXSourcesBuildPhase section */
		D7713BF81F6F7509002B0A84 /* Sources */ = {
			isa = PBXSourcesBuildPhase;
			buildActionMask = 2147483647;
			files = (
				D7713C021F6F7509002B0A84 /* ViewController.swift in Sources */,
				D7713C001F6F7509002B0A84 /* AppDelegate.swift in Sources */,
			);
			runOnlyForDeploymentPostprocessing = 0;
		};
/* End PBXSourcesBuildPhase section */

/* Begin PBXVariantGroup section */
		D7713C031F6F7509002B0A84 /* Main.storyboard */ = {
			isa = PBXVariantGroup;
			children = (
				D7713C041F6F7509002B0A84 /* Base */,
			);
			name = Main.storyboard;
			sourceTree = "<group>";
		};
		D7713C081F6F7509002B0A84 /* LaunchScreen.storyboard */ = {
			isa = PBXVariantGroup;
			children = (
				D7713C091F6F7509002B0A84 /* Base */,
			);
			name = LaunchScreen.storyboard;
			sourceTree = "<group>";
		};
/* End PBXVariantGroup section */

/* Begin XCBuildConfiguration section */
		D7713C0C1F6F7509002B0A84 /* Debug */ = {
			isa = XCBuildConfiguration;
			buildSettings = {
				ALWAYS_SEARCH_USER_PATHS = NO;
				CLANG_ANALYZER_NONNULL = YES;
				CLANG_ANALYZER_NUMBER_OBJECT_CONVERSION = YES_AGGRESSIVE;
				CLANG_CXX_LANGUAGE_STANDARD = "gnu++0x";
				CLANG_CXX_LIBRARY = "libc++";
				CLANG_ENABLE_MODULES = YES;
				CLANG_ENABLE_OBJC_ARC = YES;
				CLANG_WARN_BOOL_CONVERSION = YES;
				CLANG_WARN_CONSTANT_CONVERSION = YES;
				CLANG_WARN_DIRECT_OBJC_ISA_USAGE = YES_ERROR;
				CLANG_WARN_DOCUMENTATION_COMMENTS = YES;
				CLANG_WARN_EMPTY_BODY = YES;
				CLANG_WARN_ENUM_CONVERSION = YES;
				CLANG_WARN_INFINITE_RECURSION = YES;
				CLANG_WARN_INT_CONVERSION = YES;
				CLANG_WARN_OBJC_ROOT_CLASS = YES_ERROR;
				CLANG_WARN_SUSPICIOUS_MOVE = YES;
				CLANG_WARN_UNREACHABLE_CODE = YES;
				CLANG_WARN__DUPLICATE_METHOD_MATCH = YES;
				"CODE_SIGN_IDENTITY[sdk=iphoneos*]" = "iPhone Developer";
				COPY_PHASE_STRIP = NO;
				DEBUG_INFORMATION_FORMAT = dwarf;
				ENABLE_STRICT_OBJC_MSGSEND = YES;
				ENABLE_TESTABILITY = YES;
				GCC_C_LANGUAGE_STANDARD = gnu99;
				GCC_DYNAMIC_NO_PIC = NO;
				GCC_NO_COMMON_BLOCKS = YES;
				GCC_OPTIMIZATION_LEVEL = 0;
				GCC_PREPROCESSOR_DEFINITIONS = (
					"DEBUG=1",
					"$(inherited)",
				);
				GCC_WARN_64_TO_32_BIT_CONVERSION = YES;
				GCC_WARN_ABOUT_RETURN_TYPE = YES_ERROR;
				GCC_WARN_UNDECLARED_SELECTOR = YES;
				GCC_WARN_UNINITIALIZED_AUTOS = YES_AGGRESSIVE;
				GCC_WARN_UNUSED_FUNCTION = YES;
				GCC_WARN_UNUSED_VARIABLE = YES;
				IPHONEOS_DEPLOYMENT_TARGET = 10.3;
				MTL_ENABLE_DEBUG_INFO = YES;
				ONLY_ACTIVE_ARCH = YES;
				SDKROOT = iphoneos;
				SWIFT_ACTIVE_COMPILATION_CONDITIONS = DEBUG;
				SWIFT_OPTIMIZATION_LEVEL = "-Onone";
			};
			name = Debug;
		};
		D7713C0D1F6F7509002B0A84 /* Release */ = {
			isa = XCBuildConfiguration;
			buildSettings = {
				ALWAYS_SEARCH_USER_PATHS = NO;
				CLANG_ANALYZER_NONNULL = YES;
				CLANG_ANALYZER_NUMBER_OBJECT_CONVERSION = YES_AGGRESSIVE;
				CLANG_CXX_LANGUAGE_STANDARD = "gnu++0x";
				CLANG_CXX_LIBRARY = "libc++";
				CLANG_ENABLE_MODULES = YES;
				CLANG_ENABLE_OBJC_ARC = YES;
				CLANG_WARN_BOOL_CONVERSION = YES;
				CLANG_WARN_CONSTANT_CONVERSION = YES;
				CLANG_WARN_DIRECT_OBJC_ISA_USAGE = YES_ERROR;
				CLANG_WARN_DOCUMENTATION_COMMENTS = YES;
				CLANG_WARN_EMPTY_BODY = YES;
				CLANG_WARN_ENUM_CONVERSION = YES;
				CLANG_WARN_INFINITE_RECURSION = YES;
				CLANG_WARN_INT_CONVERSION = YES;
				CLANG_WARN_OBJC_ROOT_CLASS = YES_ERROR;
				CLANG_WARN_SUSPICIOUS_MOVE = YES;
				CLANG_WARN_UNREACHABLE_CODE = YES;
				CLANG_WARN__DUPLICATE_METHOD_MATCH = YES;
				"CODE_SIGN_IDENTITY[sdk=iphoneos*]" = "iPhone Developer";
				COPY_PHASE_STRIP = NO;
				DEBUG_INFORMATION_FORMAT = "dwarf-with-dsym";
				ENABLE_NS_ASSERTIONS = NO;
				ENABLE_STRICT_OBJC_MSGSEND = YES;
				GCC_C_LANGUAGE_STANDARD = gnu99;
				GCC_NO_COMMON_BLOCKS = YES;
				GCC_WARN_64_TO_32_BIT_CONVERSION = YES;
				GCC_WARN_ABOUT_RETURN_TYPE = YES_ERROR;
				GCC_WARN_UNDECLARED_SELECTOR = YES;
				GCC_WARN_UNINITIALIZED_AUTOS = YES_AGGRESSIVE;
				GCC_WARN_UNUSED_FUNCTION = YES;
				GCC_WARN_UNUSED_VARIABLE = YES;
				IPHONEOS_DEPLOYMENT_TARGET = 10.3;
				MTL_ENABLE_DEBUG_INFO = NO;
				SDKROOT = iphoneos;
				SWIFT_OPTIMIZATION_LEVEL = "-Owholemodule";
				VALIDATE_PRODUCT = YES;
			};
			name = Release;
		};
		D7713C0F1F6F7509002B0A84 /* Debug */ = {
			isa = XCBuildConfiguration;
			buildSettings = {
				ASSETCATALOG_COMPILER_APPICON_NAME = AppIcon;
				DEVELOPMENT_TEAM = W3Z2H2M88U;
				INFOPLIST_FILE = whitworthfm/Info.plist;
				LD_RUNPATH_SEARCH_PATHS = "$(inherited) @executable_path/Frameworks";
				PRODUCT_BUNDLE_IDENTIFIER = com.whitworthaswu.whitworthfm;
				PRODUCT_NAME = "$(TARGET_NAME)";
				SWIFT_VERSION = 3.0;
			};
			name = Debug;
		};
		D7713C101F6F7509002B0A84 /* Release */ = {
			isa = XCBuildConfiguration;
			buildSettings = {
				ASSETCATALOG_COMPILER_APPICON_NAME = AppIcon;
				DEVELOPMENT_TEAM = W3Z2H2M88U;
				INFOPLIST_FILE = whitworthfm/Info.plist;
				LD_RUNPATH_SEARCH_PATHS = "$(inherited) @executable_path/Frameworks";
				PRODUCT_BUNDLE_IDENTIFIER = com.whitworthaswu.whitworthfm;
				PRODUCT_NAME = "$(TARGET_NAME)";
				SWIFT_VERSION = 3.0;
			};
			name = Release;
		};
/* End XCBuildConfiguration section */

/* Begin XCConfigurationList section */
		D7713BF71F6F7509002B0A84 /* Build configuration list for PBXProject "whitworthfm" */ = {
			isa = XCConfigurationList;
			buildConfigurations = (
				D7713C0C1F6F7509002B0A84 /* Debug */,
				D7713C0D1F6F7509002B0A84 /* Release */,
			);
			defaultConfigurationIsVisible = 0;
			defaultConfigurationName = Release;
		};
		D7713C0E1F6F7509002B0A84 /* Build configuration list for PBXNativeTarget "whitworthfm" */ = {
			isa = XCConfigurationList;
			buildConfigurations = (
				D7713C0F1F6F7509002B0A84 /* Debug */,
				D7713C101F6F7509002B0A84 /* Release */,
			);
			defaultConfigurationIsVisible = 0;
		};
/* End XCConfigurationList section */
	};
	rootObject = D7713BF41F6F7509002B0A84 /* Project object */;
}
